// !$*UTF8*$!
{
	archiveVersion = 1;
	classes = {
	};
	objectVersion = 56;
	objects = {

/* Begin PBXBuildFile section */
		69BB64502A495CF2001274AC /* ParkMateApp.swift in Sources */ = {isa = PBXBuildFile; fileRef = 69BB644F2A495CF2001274AC /* ParkMateApp.swift */; };
		69BB64522A495CF2001274AC /* ContentView.swift in Sources */ = {isa = PBXBuildFile; fileRef = 69BB64512A495CF2001274AC /* ContentView.swift */; };
		69BB64542A495CF3001274AC /* Assets.xcassets in Resources */ = {isa = PBXBuildFile; fileRef = 69BB64532A495CF3001274AC /* Assets.xcassets */; };
		69BB64572A495CF3001274AC /* Preview Assets.xcassets in Resources */ = {isa = PBXBuildFile; fileRef = 69BB64562A495CF3001274AC /* Preview Assets.xcassets */; };
		69BB645F2A495FAA001274AC /* CustomTab.swift in Sources */ = {isa = PBXBuildFile; fileRef = 69BB645E2A495FAA001274AC /* CustomTab.swift */; };
		69BB64612A49673E001274AC /* MainTab.swift in Sources */ = {isa = PBXBuildFile; fileRef = 69BB64602A49673E001274AC /* MainTab.swift */; };
		69BB64642A496D98001274AC /* MapView.swift in Sources */ = {isa = PBXBuildFile; fileRef = 69BB64632A496D98001274AC /* MapView.swift */; };
		69BB64662A496DA2001274AC /* ScanView.swift in Sources */ = {isa = PBXBuildFile; fileRef = 69BB64652A496DA2001274AC /* ScanView.swift */; };
		69BB64682A496DAF001274AC /* SettingsView.swift in Sources */ = {isa = PBXBuildFile; fileRef = 69BB64672A496DAF001274AC /* SettingsView.swift */; };
		69BB646B2A4974C3001274AC /* LocationManager.swift in Sources */ = {isa = PBXBuildFile; fileRef = 69BB646A2A4974C3001274AC /* LocationManager.swift */; };
		69BB646E2A4BEB22001274AC /* CameraController.swift in Sources */ = {isa = PBXBuildFile; fileRef = 69BB646D2A4BEB22001274AC /* CameraController.swift */; };
		69BB64702A5F60E2001274AC /* UpdatableDrawingClassifier.mlmodel in Sources */ = {isa = PBXBuildFile; fileRef = 69BB646F2A5F60E2001274AC /* UpdatableDrawingClassifier.mlmodel */; };
		69BB64752A5F627E001274AC /* ImageModel.swift in Sources */ = {isa = PBXBuildFile; fileRef = 69BB64742A5F627E001274AC /* ImageModel.swift */; };
		69BB64772A5FCF7C001274AC /* SqueezeNet.mlmodel in Sources */ = {isa = PBXBuildFile; fileRef = 69BB64762A5FCF7C001274AC /* SqueezeNet.mlmodel */; };
		69BB64792A5FD4ED001274AC /* ImageExtension.swift in Sources */ = {isa = PBXBuildFile; fileRef = 69BB64782A5FD4ED001274AC /* ImageExtension.swift */; };
		69BB647D2A651032001274AC /* OpenAIKit in Frameworks */ = {isa = PBXBuildFile; productRef = 69BB647C2A651032001274AC /* OpenAIKit */; };
		69BB64802A6510AD001274AC /* ImageGenerator.swift in Sources */ = {isa = PBXBuildFile; fileRef = 69BB647F2A6510AD001274AC /* ImageGenerator.swift */; };
		69BB64832A6705CC001274AC /* LoadingView.swift in Sources */ = {isa = PBXBuildFile; fileRef = 69BB64822A6705CC001274AC /* LoadingView.swift */; };
/* End PBXBuildFile section */

/* Begin PBXFileReference section */
		69BB644C2A495CF2001274AC /* ArtVision AI.app */ = {isa = PBXFileReference; explicitFileType = wrapper.application; includeInIndex = 0; path = "ArtVision AI.app"; sourceTree = BUILT_PRODUCTS_DIR; };
		69BB644F2A495CF2001274AC /* ParkMateApp.swift */ = {isa = PBXFileReference; lastKnownFileType = sourcecode.swift; path = ParkMateApp.swift; sourceTree = "<group>"; };
		69BB64512A495CF2001274AC /* ContentView.swift */ = {isa = PBXFileReference; lastKnownFileType = sourcecode.swift; path = ContentView.swift; sourceTree = "<group>"; };
		69BB64532A495CF3001274AC /* Assets.xcassets */ = {isa = PBXFileReference; lastKnownFileType = folder.assetcatalog; path = Assets.xcassets; sourceTree = "<group>"; };
		69BB64562A495CF3001274AC /* Preview Assets.xcassets */ = {isa = PBXFileReference; lastKnownFileType = folder.assetcatalog; path = "Preview Assets.xcassets"; sourceTree = "<group>"; };
		69BB645E2A495FAA001274AC /* CustomTab.swift */ = {isa = PBXFileReference; lastKnownFileType = sourcecode.swift; path = CustomTab.swift; sourceTree = "<group>"; };
		69BB64602A49673E001274AC /* MainTab.swift */ = {isa = PBXFileReference; lastKnownFileType = sourcecode.swift; path = MainTab.swift; sourceTree = "<group>"; };
		69BB64632A496D98001274AC /* MapView.swift */ = {isa = PBXFileReference; lastKnownFileType = sourcecode.swift; path = MapView.swift; sourceTree = "<group>"; };
		69BB64652A496DA2001274AC /* ScanView.swift */ = {isa = PBXFileReference; lastKnownFileType = sourcecode.swift; path = ScanView.swift; sourceTree = "<group>"; };
		69BB64672A496DAF001274AC /* SettingsView.swift */ = {isa = PBXFileReference; lastKnownFileType = sourcecode.swift; path = SettingsView.swift; sourceTree = "<group>"; };
		69BB646A2A4974C3001274AC /* LocationManager.swift */ = {isa = PBXFileReference; lastKnownFileType = sourcecode.swift; path = LocationManager.swift; sourceTree = "<group>"; };
		69BB646D2A4BEB22001274AC /* CameraController.swift */ = {isa = PBXFileReference; lastKnownFileType = sourcecode.swift; path = CameraController.swift; sourceTree = "<group>"; };
		69BB646F2A5F60E2001274AC /* UpdatableDrawingClassifier.mlmodel */ = {isa = PBXFileReference; lastKnownFileType = file.mlmodel; name = UpdatableDrawingClassifier.mlmodel; path = ../../../Downloads/UpdatableDrawingClassifier.mlmodel; sourceTree = "<group>"; };
		69BB64742A5F627E001274AC /* ImageModel.swift */ = {isa = PBXFileReference; lastKnownFileType = sourcecode.swift; path = ImageModel.swift; sourceTree = "<group>"; };
		69BB64762A5FCF7C001274AC /* SqueezeNet.mlmodel */ = {isa = PBXFileReference; lastKnownFileType = file.mlmodel; path = SqueezeNet.mlmodel; sourceTree = "<group>"; };
		69BB64782A5FD4ED001274AC /* ImageExtension.swift */ = {isa = PBXFileReference; lastKnownFileType = sourcecode.swift; path = ImageExtension.swift; sourceTree = "<group>"; };
		69BB647A2A60D79D001274AC /* Info.plist */ = {isa = PBXFileReference; lastKnownFileType = text.plist; path = Info.plist; sourceTree = "<group>"; };
		69BB647F2A6510AD001274AC /* ImageGenerator.swift */ = {isa = PBXFileReference; lastKnownFileType = sourcecode.swift; path = ImageGenerator.swift; sourceTree = "<group>"; };
		69BB64822A6705CC001274AC /* LoadingView.swift */ = {isa = PBXFileReference; lastKnownFileType = sourcecode.swift; path = LoadingView.swift; sourceTree = "<group>"; };
/* End PBXFileReference section */

/* Begin PBXFrameworksBuildPhase section */
		69BB64492A495CF2001274AC /* Frameworks */ = {
			isa = PBXFrameworksBuildPhase;
			buildActionMask = 2147483647;
			files = (
				69BB647D2A651032001274AC /* OpenAIKit in Frameworks */,
			);
			runOnlyForDeploymentPostprocessing = 0;
		};
/* End PBXFrameworksBuildPhase section */

/* Begin PBXGroup section */
		69BB64432A495CF2001274AC = {
			isa = PBXGroup;
			children = (
				69BB646F2A5F60E2001274AC /* UpdatableDrawingClassifier.mlmodel */,
				69BB64762A5FCF7C001274AC /* SqueezeNet.mlmodel */,
				69BB644E2A495CF2001274AC /* ArtVision AI */,
				69BB644D2A495CF2001274AC /* Products */,
			);
			sourceTree = "<group>";
		};
		69BB644D2A495CF2001274AC /* Products */ = {
			isa = PBXGroup;
			children = (
				69BB644C2A495CF2001274AC /* ArtVision AI.app */,
			);
			name = Products;
			sourceTree = "<group>";
		};
		69BB644E2A495CF2001274AC /* ArtVision AI */ = {
			isa = PBXGroup;
			children = (
				69BB64812A6705BD001274AC /* LoadingPage */,
				69BB647E2A65109A001274AC /* ImageGenerator */,
				69BB647A2A60D79D001274AC /* Info.plist */,
				69BB64712A5F6112001274AC /* Models */,
				69BB646C2A4BEB05001274AC /* Camera */,
				69BB64692A4974B4001274AC /* Location */,
				69BB64622A496D86001274AC /* MainPages */,
				69BB645D2A495F92001274AC /* TabView */,
				69BB644F2A495CF2001274AC /* ParkMateApp.swift */,
				69BB64512A495CF2001274AC /* ContentView.swift */,
				69BB64532A495CF3001274AC /* Assets.xcassets */,
				69BB64552A495CF3001274AC /* Preview Content */,
			);
			path = "ArtVision AI";
			sourceTree = "<group>";
		};
		69BB64552A495CF3001274AC /* Preview Content */ = {
			isa = PBXGroup;
			children = (
				69BB64562A495CF3001274AC /* Preview Assets.xcassets */,
			);
			path = "Preview Content";
			sourceTree = "<group>";
		};
		69BB645D2A495F92001274AC /* TabView */ = {
			isa = PBXGroup;
			children = (
				69BB645E2A495FAA001274AC /* CustomTab.swift */,
				69BB64602A49673E001274AC /* MainTab.swift */,
			);
			path = TabView;
			sourceTree = "<group>";
		};
		69BB64622A496D86001274AC /* MainPages */ = {
			isa = PBXGroup;
			children = (
				69BB64632A496D98001274AC /* MapView.swift */,
				69BB64652A496DA2001274AC /* ScanView.swift */,
				69BB64672A496DAF001274AC /* SettingsView.swift */,
			);
			path = MainPages;
			sourceTree = "<group>";
		};
		69BB64692A4974B4001274AC /* Location */ = {
			isa = PBXGroup;
			children = (
				69BB646A2A4974C3001274AC /* LocationManager.swift */,
			);
			path = Location;
			sourceTree = "<group>";
		};
		69BB646C2A4BEB05001274AC /* Camera */ = {
			isa = PBXGroup;
			children = (
				69BB646D2A4BEB22001274AC /* CameraController.swift */,
			);
			path = Camera;
			sourceTree = "<group>";
		};
		69BB64712A5F6112001274AC /* Models */ = {
			isa = PBXGroup;
			children = (
				69BB64742A5F627E001274AC /* ImageModel.swift */,
				69BB64782A5FD4ED001274AC /* ImageExtension.swift */,
			);
			path = Models;
			sourceTree = "<group>";
		};
		69BB647E2A65109A001274AC /* ImageGenerator */ = {
			isa = PBXGroup;
			children = (
				69BB647F2A6510AD001274AC /* ImageGenerator.swift */,
			);
			path = ImageGenerator;
			sourceTree = "<group>";
		};
		69BB64812A6705BD001274AC /* LoadingPage */ = {
			isa = PBXGroup;
			children = (
				69BB64822A6705CC001274AC /* LoadingView.swift */,
			);
			path = LoadingPage;
			sourceTree = "<group>";
		};
/* End PBXGroup section */

/* Begin PBXNativeTarget section */
		69BB644B2A495CF2001274AC /* ArtVision AI */ = {
			isa = PBXNativeTarget;
			buildConfigurationList = 69BB645A2A495CF3001274AC /* Build configuration list for PBXNativeTarget "ArtVision AI" */;
			buildPhases = (
				69BB64482A495CF2001274AC /* Sources */,
				69BB64492A495CF2001274AC /* Frameworks */,
				69BB644A2A495CF2001274AC /* Resources */,
			);
			buildRules = (
			);
			dependencies = (
			);
			name = "ArtVision AI";
			packageProductDependencies = (
				69BB647C2A651032001274AC /* OpenAIKit */,
			);
			productName = ParkMate;
			productReference = 69BB644C2A495CF2001274AC /* ArtVision AI.app */;
			productType = "com.apple.product-type.application";
		};
/* End PBXNativeTarget section */

/* Begin PBXProject section */
		69BB64442A495CF2001274AC /* Project object */ = {
			isa = PBXProject;
			attributes = {
				BuildIndependentTargetsInParallel = 1;
				LastSwiftUpdateCheck = 1430;
				LastUpgradeCheck = 1430;
				TargetAttributes = {
					69BB644B2A495CF2001274AC = {
						CreatedOnToolsVersion = 14.3.1;
					};
				};
			};
			buildConfigurationList = 69BB64472A495CF2001274AC /* Build configuration list for PBXProject "ArtVision AI" */;
			compatibilityVersion = "Xcode 14.0";
			developmentRegion = en;
			hasScannedForEncodings = 0;
			knownRegions = (
				en,
				Base,
			);
			mainGroup = 69BB64432A495CF2001274AC;
			packageReferences = (
				69BB647B2A651032001274AC /* XCRemoteSwiftPackageReference "OpenAIKit" */,
			);
			productRefGroup = 69BB644D2A495CF2001274AC /* Products */;
			projectDirPath = "";
			projectRoot = "";
			targets = (
				69BB644B2A495CF2001274AC /* ArtVision AI */,
			);
		};
/* End PBXProject section */

/* Begin PBXResourcesBuildPhase section */
		69BB644A2A495CF2001274AC /* Resources */ = {
			isa = PBXResourcesBuildPhase;
			buildActionMask = 2147483647;
			files = (
				69BB64572A495CF3001274AC /* Preview Assets.xcassets in Resources */,
				69BB64542A495CF3001274AC /* Assets.xcassets in Resources */,
			);
			runOnlyForDeploymentPostprocessing = 0;
		};
/* End PBXResourcesBuildPhase section */

/* Begin PBXSourcesBuildPhase section */
		69BB64482A495CF2001274AC /* Sources */ = {
			isa = PBXSourcesBuildPhase;
			buildActionMask = 2147483647;
			files = (
				69BB64792A5FD4ED001274AC /* ImageExtension.swift in Sources */,
				69BB64682A496DAF001274AC /* SettingsView.swift in Sources */,
				69BB64612A49673E001274AC /* MainTab.swift in Sources */,
				69BB64802A6510AD001274AC /* ImageGenerator.swift in Sources */,
				69BB645F2A495FAA001274AC /* CustomTab.swift in Sources */,
				69BB646E2A4BEB22001274AC /* CameraController.swift in Sources */,
				69BB64642A496D98001274AC /* MapView.swift in Sources */,
				69BB646B2A4974C3001274AC /* LocationManager.swift in Sources */,
				69BB64832A6705CC001274AC /* LoadingView.swift in Sources */,
				69BB64522A495CF2001274AC /* ContentView.swift in Sources */,
				69BB64772A5FCF7C001274AC /* SqueezeNet.mlmodel in Sources */,
				69BB64502A495CF2001274AC /* ParkMateApp.swift in Sources */,
				69BB64662A496DA2001274AC /* ScanView.swift in Sources */,
				69BB64752A5F627E001274AC /* ImageModel.swift in Sources */,
				69BB64702A5F60E2001274AC /* UpdatableDrawingClassifier.mlmodel in Sources */,
			);
			runOnlyForDeploymentPostprocessing = 0;
		};
/* End PBXSourcesBuildPhase section */

/* Begin XCBuildConfiguration section */
		69BB64582A495CF3001274AC /* Debug */ = {
			isa = XCBuildConfiguration;
			buildSettings = {
				ALWAYS_SEARCH_USER_PATHS = NO;
				CLANG_ANALYZER_NONNULL = YES;
				CLANG_ANALYZER_NUMBER_OBJECT_CONVERSION = YES_AGGRESSIVE;
				CLANG_CXX_LANGUAGE_STANDARD = "gnu++20";
				CLANG_ENABLE_MODULES = YES;
				CLANG_ENABLE_OBJC_ARC = YES;
				CLANG_ENABLE_OBJC_WEAK = YES;
				CLANG_WARN_BLOCK_CAPTURE_AUTORELEASING = YES;
				CLANG_WARN_BOOL_CONVERSION = YES;
				CLANG_WARN_COMMA = YES;
				CLANG_WARN_CONSTANT_CONVERSION = YES;
				CLANG_WARN_DEPRECATED_OBJC_IMPLEMENTATIONS = YES;
				CLANG_WARN_DIRECT_OBJC_ISA_USAGE = YES_ERROR;
				CLANG_WARN_DOCUMENTATION_COMMENTS = YES;
				CLANG_WARN_EMPTY_BODY = YES;
				CLANG_WARN_ENUM_CONVERSION = YES;
				CLANG_WARN_INFINITE_RECURSION = YES;
				CLANG_WARN_INT_CONVERSION = YES;
				CLANG_WARN_NON_LITERAL_NULL_CONVERSION = YES;
				CLANG_WARN_OBJC_IMPLICIT_RETAIN_SELF = YES;
				CLANG_WARN_OBJC_LITERAL_CONVERSION = YES;
				CLANG_WARN_OBJC_ROOT_CLASS = YES_ERROR;
				CLANG_WARN_QUOTED_INCLUDE_IN_FRAMEWORK_HEADER = YES;
				CLANG_WARN_RANGE_LOOP_ANALYSIS = YES;
				CLANG_WARN_STRICT_PROTOTYPES = YES;
				CLANG_WARN_SUSPICIOUS_MOVE = YES;
				CLANG_WARN_UNGUARDED_AVAILABILITY = YES_AGGRESSIVE;
				CLANG_WARN_UNREACHABLE_CODE = YES;
				CLANG_WARN__DUPLICATE_METHOD_MATCH = YES;
				COPY_PHASE_STRIP = NO;
				DEBUG_INFORMATION_FORMAT = dwarf;
				ENABLE_STRICT_OBJC_MSGSEND = YES;
				ENABLE_TESTABILITY = YES;
				GCC_C_LANGUAGE_STANDARD = gnu11;
				GCC_DYNAMIC_NO_PIC = NO;
				GCC_NO_COMMON_BLOCKS = YES;
				GCC_OPTIMIZATION_LEVEL = 0;
				GCC_PREPROCESSOR_DEFINITIONS = (
					"DEBUG=1",
					"$(inherited)",
				);
				GCC_WARN_64_TO_32_BIT_CONVERSION = YES;
				GCC_WARN_ABOUT_RETURN_TYPE = YES_ERROR;
				GCC_WARN_UNDECLARED_SELECTOR = YES;
				GCC_WARN_UNINITIALIZED_AUTOS = YES_AGGRESSIVE;
				GCC_WARN_UNUSED_FUNCTION = YES;
				GCC_WARN_UNUSED_VARIABLE = YES;
				IPHONEOS_DEPLOYMENT_TARGET = 16.4;
				MTL_ENABLE_DEBUG_INFO = INCLUDE_SOURCE;
				MTL_FAST_MATH = YES;
				ONLY_ACTIVE_ARCH = YES;
				SDKROOT = iphoneos;
				SWIFT_ACTIVE_COMPILATION_CONDITIONS = DEBUG;
				SWIFT_OPTIMIZATION_LEVEL = "-Onone";
			};
			name = Debug;
		};
		69BB64592A495CF3001274AC /* Release */ = {
			isa = XCBuildConfiguration;
			buildSettings = {
				ALWAYS_SEARCH_USER_PATHS = NO;
				CLANG_ANALYZER_NONNULL = YES;
				CLANG_ANALYZER_NUMBER_OBJECT_CONVERSION = YES_AGGRESSIVE;
				CLANG_CXX_LANGUAGE_STANDARD = "gnu++20";
				CLANG_ENABLE_MODULES = YES;
				CLANG_ENABLE_OBJC_ARC = YES;
				CLANG_ENABLE_OBJC_WEAK = YES;
				CLANG_WARN_BLOCK_CAPTURE_AUTORELEASING = YES;
				CLANG_WARN_BOOL_CONVERSION = YES;
				CLANG_WARN_COMMA = YES;
				CLANG_WARN_CONSTANT_CONVERSION = YES;
				CLANG_WARN_DEPRECATED_OBJC_IMPLEMENTATIONS = YES;
				CLANG_WARN_DIRECT_OBJC_ISA_USAGE = YES_ERROR;
				CLANG_WARN_DOCUMENTATION_COMMENTS = YES;
				CLANG_WARN_EMPTY_BODY = YES;
				CLANG_WARN_ENUM_CONVERSION = YES;
				CLANG_WARN_INFINITE_RECURSION = YES;
				CLANG_WARN_INT_CONVERSION = YES;
				CLANG_WARN_NON_LITERAL_NULL_CONVERSION = YES;
				CLANG_WARN_OBJC_IMPLICIT_RETAIN_SELF = YES;
				CLANG_WARN_OBJC_LITERAL_CONVERSION = YES;
				CLANG_WARN_OBJC_ROOT_CLASS = YES_ERROR;
				CLANG_WARN_QUOTED_INCLUDE_IN_FRAMEWORK_HEADER = YES;
				CLANG_WARN_RANGE_LOOP_ANALYSIS = YES;
				CLANG_WARN_STRICT_PROTOTYPES = YES;
				CLANG_WARN_SUSPICIOUS_MOVE = YES;
				CLANG_WARN_UNGUARDED_AVAILABILITY = YES_AGGRESSIVE;
				CLANG_WARN_UNREACHABLE_CODE = YES;
				CLANG_WARN__DUPLICATE_METHOD_MATCH = YES;
				COPY_PHASE_STRIP = NO;
				DEBUG_INFORMATION_FORMAT = "dwarf-with-dsym";
				ENABLE_NS_ASSERTIONS = NO;
				ENABLE_STRICT_OBJC_MSGSEND = YES;
				GCC_C_LANGUAGE_STANDARD = gnu11;
				GCC_NO_COMMON_BLOCKS = YES;
				GCC_WARN_64_TO_32_BIT_CONVERSION = YES;
				GCC_WARN_ABOUT_RETURN_TYPE = YES_ERROR;
				GCC_WARN_UNDECLARED_SELECTOR = YES;
				GCC_WARN_UNINITIALIZED_AUTOS = YES_AGGRESSIVE;
				GCC_WARN_UNUSED_FUNCTION = YES;
				GCC_WARN_UNUSED_VARIABLE = YES;
				IPHONEOS_DEPLOYMENT_TARGET = 16.4;
				MTL_ENABLE_DEBUG_INFO = NO;
				MTL_FAST_MATH = YES;
				SDKROOT = iphoneos;
				SWIFT_COMPILATION_MODE = wholemodule;
				SWIFT_OPTIMIZATION_LEVEL = "-O";
				VALIDATE_PRODUCT = YES;
			};
			name = Release;
		};
		69BB645B2A495CF3001274AC /* Debug */ = {
			isa = XCBuildConfiguration;
			buildSettings = {
				ASSETCATALOG_COMPILER_APPICON_NAME = AppIcon;
				ASSETCATALOG_COMPILER_GLOBAL_ACCENT_COLOR_NAME = AccentColor;
				CODE_SIGN_IDENTITY = "Apple Development";
				CODE_SIGN_STYLE = Automatic;
				CURRENT_PROJECT_VERSION = 1;
				DEVELOPMENT_ASSET_PATHS = "\"ParkMate/Preview Content\"";
				DEVELOPMENT_TEAM = V5KGF277V8;
				ENABLE_PREVIEWS = YES;
				GENERATE_INFOPLIST_FILE = YES;
				INFOPLIST_FILE = ParkMate/Info.plist;
				INFOPLIST_KEY_NSCameraUsageDescription = "This app need ypur camera to scan the signs";
				INFOPLIST_KEY_NSLocationWhenInUseUsageDescription = "This app needs your location to find the nearest parking spots to you.";
				INFOPLIST_KEY_NSPhotoLibraryUsageDescription = "This app needs to access you photo library to save pictures";
				INFOPLIST_KEY_UIApplicationSceneManifest_Generation = YES;
				INFOPLIST_KEY_UIApplicationSupportsIndirectInputEvents = YES;
				INFOPLIST_KEY_UILaunchScreen_Generation = YES;
				INFOPLIST_KEY_UISupportedInterfaceOrientations_iPad = "UIInterfaceOrientationPortrait UIInterfaceOrientationPortraitUpsideDown UIInterfaceOrientationLandscapeLeft UIInterfaceOrientationLandscapeRight";
				INFOPLIST_KEY_UISupportedInterfaceOrientations_iPhone = "UIInterfaceOrientationPortrait UIInterfaceOrientationLandscapeLeft UIInterfaceOrientationLandscapeRight";
				LD_RUNPATH_SEARCH_PATHS = (
					"$(inherited)",
					"@executable_path/Frameworks",
				);
				MARKETING_VERSION = 1.0;
				PRODUCT_BUNDLE_IDENTIFIER = shadan.ParkMate;
				PRODUCT_NAME = "$(TARGET_NAME)";
				PROVISIONING_PROFILE_SPECIFIER = "";
				SWIFT_EMIT_LOC_STRINGS = YES;
				SWIFT_VERSION = 5.0;
				TARGETED_DEVICE_FAMILY = "1,2";
			};
			name = Debug;
		};
		69BB645C2A495CF3001274AC /* Release */ = {
			isa = XCBuildConfiguration;
			buildSettings = {
				ASSETCATALOG_COMPILER_APPICON_NAME = AppIcon;
				ASSETCATALOG_COMPILER_GLOBAL_ACCENT_COLOR_NAME = AccentColor;
				CODE_SIGN_IDENTITY = "Apple Development";
				CODE_SIGN_STYLE = Automatic;
				CURRENT_PROJECT_VERSION = 1;
				DEVELOPMENT_ASSET_PATHS = "\"ParkMate/Preview Content\"";
				DEVELOPMENT_TEAM = V5KGF277V8;
				ENABLE_PREVIEWS = YES;
				GENERATE_INFOPLIST_FILE = YES;
				INFOPLIST_FILE = ParkMate/Info.plist;
				INFOPLIST_KEY_NSCameraUsageDescription = "This app need ypur camera to scan the signs";
				INFOPLIST_KEY_NSLocationWhenInUseUsageDescription = "This app needs your location to find the nearest parking spots to you.";
				INFOPLIST_KEY_NSPhotoLibraryUsageDescription = "This app needs to access you photo library to save pictures";
				INFOPLIST_KEY_UIApplicationSceneManifest_Generation = YES;
				INFOPLIST_KEY_UIApplicationSupportsIndirectInputEvents = YES;
				INFOPLIST_KEY_UILaunchScreen_Generation = YES;
				INFOPLIST_KEY_UISupportedInterfaceOrientations_iPad = "UIInterfaceOrientationPortrait UIInterfaceOrientationPortraitUpsideDown UIInterfaceOrientationLandscapeLeft UIInterfaceOrientationLandscapeRight";
				INFOPLIST_KEY_UISupportedInterfaceOrientations_iPhone = "UIInterfaceOrientationPortrait UIInterfaceOrientationLandscapeLeft UIInterfaceOrientationLandscapeRight";
				LD_RUNPATH_SEARCH_PATHS = (
					"$(inherited)",
					"@executable_path/Frameworks",
				);
				MARKETING_VERSION = 1.0;
				PRODUCT_BUNDLE_IDENTIFIER = shadan.ParkMate;
				PRODUCT_NAME = "$(TARGET_NAME)";
				PROVISIONING_PROFILE_SPECIFIER = "";
				SWIFT_EMIT_LOC_STRINGS = YES;
				SWIFT_VERSION = 5.0;
				TARGETED_DEVICE_FAMILY = "1,2";
			};
			name = Release;
		};
/* End XCBuildConfiguration section */

/* Begin XCConfigurationList section */
		69BB64472A495CF2001274AC /* Build configuration list for PBXProject "ArtVision AI" */ = {
			isa = XCConfigurationList;
			buildConfigurations = (
				69BB64582A495CF3001274AC /* Debug */,
				69BB64592A495CF3001274AC /* Release */,
			);
			defaultConfigurationIsVisible = 0;
			defaultConfigurationName = Release;
		};
		69BB645A2A495CF3001274AC /* Build configuration list for PBXNativeTarget "ArtVision AI" */ = {
			isa = XCConfigurationList;
			buildConfigurations = (
				69BB645B2A495CF3001274AC /* Debug */,
				69BB645C2A495CF3001274AC /* Release */,
			);
			defaultConfigurationIsVisible = 0;
			defaultConfigurationName = Release;
		};
/* End XCConfigurationList section */

/* Begin XCRemoteSwiftPackageReference section */
		69BB647B2A651032001274AC /* XCRemoteSwiftPackageReference "OpenAIKit" */ = {
			isa = XCRemoteSwiftPackageReference;
			repositoryURL = "https://github.com/MarcoDotIO/OpenAIKit.git";
			requirement = {
				kind = upToNextMajorVersion;
				minimumVersion = 1.0.0;
			};
		};
/* End XCRemoteSwiftPackageReference section */

/* Begin XCSwiftPackageProductDependency section */
		69BB647C2A651032001274AC /* OpenAIKit */ = {
			isa = XCSwiftPackageProductDependency;
			package = 69BB647B2A651032001274AC /* XCRemoteSwiftPackageReference "OpenAIKit" */;
			productName = OpenAIKit;
		};
/* End XCSwiftPackageProductDependency section */
	};
	rootObject = 69BB64442A495CF2001274AC /* Project object */;
}
